
Microsoft Visual Studio Solution File, Format Version 12.00
# Visual Studio Version 17
VisualStudioVersion = 17.10.34916.146
MinimumVisualStudioVersion = 10.0.40219.1
Project("{FAE04EC0-301F-11D3-BF4B-00C04F79EFBC}") = "CursorManager", "CursorManager\CursorManager.csproj", "{98A8494B-3C41-408A-A3BA-C95CDDAB84E1}"
EndProject
Global
	GlobalSection(SolutionConfigurationPlatforms) = preSolution
		Debug|Any CPU = Debug|Any CPU
		Release|Any CPU = Release|Any CPU
	EndGlobalSection
	GlobalSection(ProjectConfigurationPlatforms) = postSolution
		{98A8494B-3C41-408A-A3BA-C95CDDAB84E1}.Debug|Any CPU.ActiveCfg = Debug|Any CPU
		{98A8494B-3C41-408A-A3BA-C95CDDAB84E1}.Debug|Any CPU.Build.0 = Debug|Any CPU
		{98A8494B-3C41-408A-A3BA-C95CDDAB84E1}.Release|Any CPU.ActiveCfg = Release|Any CPU
		{98A8494B-3C41-408A-A3BA-C95CDDAB84E1}.Release|Any CPU.Build.0 = Release|Any CPU
	EndGlobalSection
	GlobalSection(SolutionProperties) = preSolution
		HideSolutionNode = FALSE
	EndGlobalSection
	GlobalSection(ExtensibilityGlobals) = postSolution
		SolutionGuid = {BD629A62-05BA-423D-B7B3-4773B983445A}
	EndGlobalSection
EndGlobal
